PODS:
  - ZYImagePickerAndBrower (0.5.0)
  - ZYImagePickerLayoutView (0.1.0)

DEPENDENCIES:
  - ZYImagePickerAndBrower (~> 0.5.0)
  - ZYImagePickerLayoutView (~> 0.1.0)

SPEC REPOS:
  https://github.com/cocoapods/specs.git:
    - ZYImagePickerAndBrower
    - ZYImagePickerLayoutView

SPEC CHECKSUMS:
  ZYImagePickerAndBrower: 6d053a7e03d3b0d09d59196a6c78f0cec4f30eef
  ZYImagePickerLayoutView: 3a5b8c01228575dfde230570657b1b615c3c4d8a

PODFILE CHECKSUM: b0dd59092c9df8cd615a48ced6928077a4d6d084

COCOAPODS: 1.6.0.beta.1
