PODS:
  - ZYImagePickerAndBrower (1.0.0)
  - ZYImagePickerLayoutView (0.1.7)

DEPENDENCIES:
  - ZYImagePickerAndBrower (~> 1.0.0)
  - ZYImagePickerLayoutView (~> 0.1.7)

SPEC REPOS:
  https://github.com/cocoapods/specs.git:
    - ZYImagePickerAndBrower
    - ZYImagePickerLayoutView

SPEC CHECKSUMS:
  ZYImagePickerAndBrower: 32d294f2cf61b199d45cc61f2a7d0bd85ea4c20d
  ZYImagePickerLayoutView: c2bc5634bb57ff962ae5bde220f19ea14119e4de

PODFILE CHECKSUM: 690213fac0cabf3c9fa0f65fec1778b385088096

COCOAPODS: 1.6.0.beta.1
